{
    "_meta": {
        "hash": {
            "sha256": "290349f62a05d05a5c39dd070d9efbcc6f26bc06c42dfe26bee237e8481d0b04"
        },
        "pipfile-spec": 6,
        "requires": {
            "python_version": "3.13"
        },
        "sources": [
            {
                "name": "pypi",
                "url": "https://pypi.org/simple",
                "verify_ssl": true
            }
        ]
    },
    "default": {
        "alembic": {
            "hashes": [
                "sha256:197de710da4b3e91cf66a826a5b31b5d59a127ab41bd0fc42863e2902ce2bbbe",
                "sha256:e1a1c738577bca1f27e68728c910cd389b9a92152ff91d902da649c192e30c49"
            ],
            "markers": "python_version >= '3.9'",
            "version": "==1.15.1"
        },
        "blinker": {
            "hashes": [
                "sha256:b4ce2265a7abece45e7cc896e98dbebe6cead56bcf805a3d23136d145f5445bf",
                "sha256:ba0efaa9080b619ff2f3459d1d500c57bddea4a6b424b60a91141db6fd2f08bc"
            ],
            "markers": "python_version >= '3.9'",
            "version": "==1.9.0"
        },
        "click": {
            "hashes": [
                "sha256:63c132bbbed01578a06712a2d1f497bb62d9c1c0d329b7903a866228027263b2",
                "sha256:ed53c9d8990d83c2a27deae68e4ee337473f6330c040a31d4225c9574d16096a"
            ],
            "markers": "python_version >= '3.7'",
            "version": "==8.1.8"
        },
        "eralchemy2": {
            "hashes": [
                "sha256:1c1ee49b26287a459c5c89aa3eba3d6a9d1b8e6bd245d9fbacc6b15560fc66a5",
                "sha256:be3ecd4e696172fe4b439a3010b08564c6f7c7323b9e9b4369e47da7a7b48428"
            ],
            "index": "pypi",
            "markers": "python_version >= '3.8'",
            "version": "==1.4.1"
        },
        "flask": {
            "hashes": [
                "sha256:5f873c5184c897c8d9d1b05df1e3d01b14910ce69607a117bd3277098a5836ac",
                "sha256:d667207822eb83f1c4b50949b1623c8fc8d51f2341d65f72e1a1815397551136"
            ],
            "index": "pypi",
            "markers": "python_version >= '3.9'",
            "version": "==3.1.0"
        },
        "flask-admin": {
            "hashes": [
                "sha256:24cae2af832b6a611a01d7dc35f42d266c1d6c75a426b869d8cb241b78233369",
                "sha256:fd8190f1ec3355913a22739c46ed3623f1d82b8112cde324c60a6fc9b21c9406"
            ],
            "index": "pypi",
            "markers": "python_version >= '3.6'",
            "version": "==1.6.1"
        },
        "flask-cors": {
            "hashes": [
                "sha256:bc3492bfd6368d27cfe79c7821df5a8a319e1a6d5eab277a3794be19bdc51783",
                "sha256:f268522fcb2f73e2ecdde1ef45e2fd5c71cc48fe03cffb4b441c6d1b40684eb0"
            ],
            "index": "pypi",
            "version": "==4.0.0"
        },
        "flask-migrate": {
            "hashes": [
                "sha256:613a2df703998e78716cace68cd83972960834424457f5b67f56e74fff950aef",
                "sha256:d3f437a8b5f3849d1bb1b60e1b818efc564c66e3fefe90b62e5db08db295e1b1"
            ],
            "index": "pypi",
            "markers": "python_version >= '3.6'",
            "version": "==4.0.5"
        },
        "flask-sqlalchemy": {
            "hashes": [
                "sha256:4ba4be7f419dc72f4efd8802d69974803c37259dd42f3913b0dcf75c9447e0a0",
                "sha256:e4b68bb881802dda1a7d878b2fc84c06d1ee57fb40b874d3dc97dabfa36b8312"
            ],
            "index": "pypi",
            "markers": "python_version >= '3.8'",
            "version": "==3.1.1"
        },
        "flask-swagger": {
            "hashes": [
                "sha256:3caddb1311388eafc86f82f8e64ba386a5df6b84e5f16dfae19ca08173eba216",
                "sha256:b4085f5bc36df4c20b6548cd1413adc9cf35719b0f0695367cd542065145294d"
            ],
            "index": "pypi",
            "version": "==0.2.14"
        },
        "greenlet": {
            "hashes": [
                "sha256:0ecec963079cd58cbd14723582384f11f166fd58883c15dcbfb342e0bc9b5846",
                "sha256:0ed006e4b86c59de7467eb2601cd1b77b5a7d657d1ee55e30fe30d76451edba4",
                "sha256:0ff251e9a0279522e62f6176412869395a64ddf2b5c5f782ff609a8216a4e662",
                "sha256:1aa4ce8debcd4ea7fb2e150f3036588c41493d1d52c43538924ae1819003f4ce",
                "sha256:1bae92a1dd94c5f9d9493c3a212dd874c202442047cf96446412c862feca83a2",
                "sha256:1eb67d5adefb5bd2e182d42678a328979a209e4e82eb93575708185d31d1f588",
                "sha256:2094acd54b272cb6eae8c03dd87b3fa1820a4cef18d6889c378d503500a1dc13",
                "sha256:2628d6c86f6cb0cb45e0c3c54058bbec559f57eaae699447748cb3928150577e",
                "sha256:29ea813b2e1f45fa9649a17853b2b5465c4072fbcb072e5af6cd3a288216574a",
                "sha256:362624e6a8e5bca3b8233e45eef33903a100e9539a2b995c364d595dbc4018b3",
                "sha256:3a717fbc46d8a354fa675f7c1e813485b6ba3885f9bef0cd56e5ba27d758ff5b",
                "sha256:3bc59be3945ae9750b9e7d45067d01ae3fe90ea5f9ade99239dabdd6e28a5033",
                "sha256:3ec9ea74e7268ace7f9aab1b1a4e730193fc661b39a993cd91c606c32d4a3628",
                "sha256:41353ec2ecedf7aa8f682753a41919f8718031a6edac46b8d3dc7ed9e1ceb136",
                "sha256:47422135b1d308c14b2c6e758beedb1acd33bb91679f5670edf77bf46244722b",
                "sha256:4964101b8585c144cbda5532b1aa644255126c08a265dae90c16e7a0e63aaa9d",
                "sha256:4a448128607be0de65342dc9b31be7f948ef4cc0bc8832069350abefd310a8f2",
                "sha256:4b28037cb07768933c54d81bfe47a85f9f402f57d7d69743b991a713b63954eb",
                "sha256:4d0eadc7e4d9ffb2af4247b606cae307be8e448911e5a0d0b16d72fc3d224cfd",
                "sha256:54d243512da35485fc7a6bf3c178fdda6327a9d6506fcdd62b1abd1e41b2927b",
                "sha256:55fa7ea52771be44af0de27d8b80c02cd18c2c3cddde6c847ecebdf72418b6a1",
                "sha256:57a43c6079a89713522bc4bcb9f75070ecf5d3dbad7792bfe42239362cbf2a16",
                "sha256:58c1c374fe2b3d852f9b6b11a7dff4c85404e51b9a596fd9e89cf904eb09866d",
                "sha256:5a5ed18de6a0f6cc7087f1563f6bd93fc7df1c19165ca01e9bde5a5dc281d106",
                "sha256:5e05ba267789ea87b5a155cf0e810b1ab88bf18e9e8740813945ceb8ee4350ba",
                "sha256:5ecd83806b0f4c2f53b1018e0005cd82269ea01d42befc0368730028d850ed1c",
                "sha256:64d6ac45f7271f48e45f67c95b54ef73534c52ec041fcda8edf520c6d811f4bc",
                "sha256:680bd0e7ad5e8daa8a4aa89f68fd6adc834b8a8036dc256533f7e08f4a4b01f7",
                "sha256:6c18dfb59c70f5a94acd271c72e90128c3c776e41e5f07767908c8c1b74ad339",
                "sha256:6d874e79afd41a96e11ff4c5d0bc90a80973e476fda1c2c64985667397df432b",
                "sha256:7022615368890680e67b9965d33f5773aade330d5343bbe25560135aaa849eae",
                "sha256:703cb211b820dbffbbc55a16bfc6e4583a6e6e990f33a119d2cc8b83211119c8",
                "sha256:728a73687e39ae9ca34e4694cbf2f049d3fbc7174639468d0f67200a97d8f9e2",
                "sha256:728d9667d8f2f586644b748dbd9bb67e50d6a9381767d1357714ea6825bb3bf5",
                "sha256:762612baf1161ccb8437c0161c668a688223cba28e1bf038f4eb47b13e39ccdf",
                "sha256:7fc391b1566f2907d17aaebe78f8855dc45675159a775fcf9e61f8ee0078e87f",
                "sha256:804a70b328e706b785c6ef16187051c394a63dd1a906d89be24b6ad77759f13f",
                "sha256:83ed9f27f1680b50e89f40f6df348a290ea234b249a4003d366663a12eab94f2",
                "sha256:884f649de075b84739713d41dd4dfd41e2b910bfb769c4a3ea02ec1da52cd9bb",
                "sha256:8f1cc966c126639cd152fdaa52624d2655f492faa79e013fea161de3e6dda082",
                "sha256:8f52a464e4ed91780bdfbbdd2b97197f3accaa629b98c200f4dffada759f3ae7",
                "sha256:9c615f869163e14bb1ced20322d8038fb680b08236521ac3f30cd4c1288785a0",
                "sha256:9d280a7f5c331622c69f97eb167f33577ff2d1df282c41cd15907fc0a3ca198c",
                "sha256:a10a732421ab4fec934783ce3e54763470d0181db6e3468f9103a275c3ed1853",
                "sha256:a96fcee45e03fe30a62669fd16ab5c9d3c172660d3085605cb1e2d1280d3c988",
                "sha256:a97e4821aa710603f94de0da25f25096454d78ffdace5dc77f3a006bc01abba3",
                "sha256:ba8f0bdc2fae6ce915dfd0c16d2d00bca7e4247c1eae4416e06430e522137858",
                "sha256:bf2d8a80bec89ab46221ae45c5373d5ba0bd36c19aa8508e85c6cd7e5106cd37",
                "sha256:cda05425526240807408156b6960a17a79a0c760b813573b67027823be760977",
                "sha256:d419647372241bc68e957bf38d5c1f98852155e4146bd1e4121adea81f4f01e4",
                "sha256:d4d9f0624c775f2dfc56ba54d515a8c771044346852a918b405914f6b19d7fd8",
                "sha256:d60097128cb0a1cab9ea541186ea13cd7b847b8449a7787c2e2350da0cb82d86",
                "sha256:db2910d3c809444e0a20147361f343fe2798e106af8d9d8506f5305302655a9f",
                "sha256:ddb36c7d6c9c0a65f18c7258634e0c416c6ab59caac8c987b96f80c2ebda0112",
                "sha256:ddc090c5c1792b10246a78e8c2163ebbe04cf877f9d785c230a7b27b39ad038e",
                "sha256:e5ddf316ced87539144621453c3aef229575825fe60c604e62bedc4003f372b2",
                "sha256:f35807464c4c58c55f0d31dfa83c541a5615d825c2fe3d2b95360cf7c4e3c0a8",
                "sha256:f8c30c2225f40dd76c50790f0eb3b5c7c18431efb299e2782083e1981feed243",
                "sha256:fa94cb2288681e3a11645958f1871d48ee9211bd2f66628fdace505927d6e564"
            ],
            "markers": "python_version >= '3.10'",
            "version": "==3.5.0"
        },
        "gunicorn": {
            "hashes": [
                "sha256:ec400d38950de4dfd418cff8328b2c8faed0edb0d517d3394e457c317908ca4d",
                "sha256:f014447a0101dc57e294f6c18ca6b40227a4c90e9bdb586042628030cba004ec"
            ],
            "index": "pypi",
            "markers": "python_version >= '3.7'",
            "version": "==23.0.0"
        },
        "itsdangerous": {
            "hashes": [
                "sha256:c6242fc49e35958c8b15141343aa660db5fc54d4f13a1db01a3f5891b98700ef",
                "sha256:e0050c0b7da1eea53ffaf149c0cfbb5c6e2e2b69c4bef22c81fa6eb73e5f6173"
            ],
            "markers": "python_version >= '3.8'",
            "version": "==2.2.0"
        },
        "jinja2": {
            "hashes": [
                "sha256:0137fb05990d35f1275a587e9aee6d56da821fc83491a0fb838183be43f66d6d",
                "sha256:85ece4451f492d0c13c5dd7c13a64681a86afae63a5f347908daf103ce6d2f67"
            ],
            "markers": "python_version >= '3.7'",
            "version": "==3.1.6"
        },
        "mako": {
            "hashes": [
                "sha256:95920acccb578427a9aa38e37a186b1e43156c87260d7ba18ca63aa4c7cbd3a1",
                "sha256:b5d65ff3462870feec922dbccf38f6efb44e5714d7b593a656be86663d8600ac"
            ],
            "markers": "python_version >= '3.8'",
            "version": "==1.3.9"
        },
        "markupsafe": {
            "hashes": [
                "sha256:0bff5e0ae4ef2e1ae4fdf2dfd5b76c75e5c2fa4132d05fc1b0dabcd20c7e28c4",
                "sha256:0f4ca02bea9a23221c0182836703cbf8930c5e9454bacce27e767509fa286a30",
                "sha256:1225beacc926f536dc82e45f8a4d68502949dc67eea90eab715dea3a21c1b5f0",
                "sha256:131a3c7689c85f5ad20f9f6fb1b866f402c445b220c19fe4308c0b147ccd2ad9",
                "sha256:15ab75ef81add55874e7ab7055e9c397312385bd9ced94920f2802310c930396",
                "sha256:1a9d3f5f0901fdec14d8d2f66ef7d035f2157240a433441719ac9a3fba440b13",
                "sha256:1c99d261bd2d5f6b59325c92c73df481e05e57f19837bdca8413b9eac4bd8028",
                "sha256:1e084f686b92e5b83186b07e8a17fc09e38fff551f3602b249881fec658d3eca",
                "sha256:2181e67807fc2fa785d0592dc2d6206c019b9502410671cc905d132a92866557",
                "sha256:2cb8438c3cbb25e220c2ab33bb226559e7afb3baec11c4f218ffa7308603c832",
                "sha256:3169b1eefae027567d1ce6ee7cae382c57fe26e82775f460f0b2778beaad66c0",
                "sha256:3809ede931876f5b2ec92eef964286840ed3540dadf803dd570c3b7e13141a3b",
                "sha256:38a9ef736c01fccdd6600705b09dc574584b89bea478200c5fbf112a6b0d5579",
                "sha256:3d79d162e7be8f996986c064d1c7c817f6df3a77fe3d6859f6f9e7be4b8c213a",
                "sha256:444dcda765c8a838eaae23112db52f1efaf750daddb2d9ca300bcae1039adc5c",
                "sha256:48032821bbdf20f5799ff537c7ac3d1fba0ba032cfc06194faffa8cda8b560ff",
                "sha256:4aa4e5faecf353ed117801a068ebab7b7e09ffb6e1d5e412dc852e0da018126c",
                "sha256:52305740fe773d09cffb16f8ed0427942901f00adedac82ec8b67752f58a1b22",
                "sha256:569511d3b58c8791ab4c2e1285575265991e6d8f8700c7be0e88f86cb0672094",
                "sha256:57cb5a3cf367aeb1d316576250f65edec5bb3be939e9247ae594b4bcbc317dfb",
                "sha256:5b02fb34468b6aaa40dfc198d813a641e3a63b98c2b05a16b9f80b7ec314185e",
                "sha256:6381026f158fdb7c72a168278597a5e3a5222e83ea18f543112b2662a9b699c5",
                "sha256:6af100e168aa82a50e186c82875a5893c5597a0c1ccdb0d8b40240b1f28b969a",
                "sha256:6c89876f41da747c8d3677a2b540fb32ef5715f97b66eeb0c6b66f5e3ef6f59d",
                "sha256:6e296a513ca3d94054c2c881cc913116e90fd030ad1c656b3869762b754f5f8a",
                "sha256:70a87b411535ccad5ef2f1df5136506a10775d267e197e4cf531ced10537bd6b",
                "sha256:7e94c425039cde14257288fd61dcfb01963e658efbc0ff54f5306b06054700f8",
                "sha256:846ade7b71e3536c4e56b386c2a47adf5741d2d8b94ec9dc3e92e5e1ee1e2225",
                "sha256:88416bd1e65dcea10bc7569faacb2c20ce071dd1f87539ca2ab364bf6231393c",
                "sha256:88b49a3b9ff31e19998750c38e030fc7bb937398b1f78cfa599aaef92d693144",
                "sha256:8c4e8c3ce11e1f92f6536ff07154f9d49677ebaaafc32db9db4620bc11ed480f",
                "sha256:8e06879fc22a25ca47312fbe7c8264eb0b662f6db27cb2d3bbbc74b1df4b9b87",
                "sha256:9025b4018f3a1314059769c7bf15441064b2207cb3f065e6ea1e7359cb46db9d",
                "sha256:93335ca3812df2f366e80509ae119189886b0f3c2b81325d39efdb84a1e2ae93",
                "sha256:9778bd8ab0a994ebf6f84c2b949e65736d5575320a17ae8984a77fab08db94cf",
                "sha256:9e2d922824181480953426608b81967de705c3cef4d1af983af849d7bd619158",
                "sha256:a123e330ef0853c6e822384873bef7507557d8e4a082961e1defa947aa59ba84",
                "sha256:a904af0a6162c73e3edcb969eeeb53a63ceeb5d8cf642fade7d39e7963a22ddb",
                "sha256:ad10d3ded218f1039f11a75f8091880239651b52e9bb592ca27de44eed242a48",
                "sha256:b424c77b206d63d500bcb69fa55ed8d0e6a3774056bdc4839fc9298a7edca171",
                "sha256:b5a6b3ada725cea8a5e634536b1b01c30bcdcd7f9c6fff4151548d5bf6b3a36c",
                "sha256:ba8062ed2cf21c07a9e295d5b8a2a5ce678b913b45fdf68c32d95d6c1291e0b6",
                "sha256:ba9527cdd4c926ed0760bc301f6728ef34d841f405abf9d4f959c478421e4efd",
                "sha256:bbcb445fa71794da8f178f0f6d66789a28d7319071af7a496d4d507ed566270d",
                "sha256:bcf3e58998965654fdaff38e58584d8937aa3096ab5354d493c77d1fdd66d7a1",
                "sha256:c0ef13eaeee5b615fb07c9a7dadb38eac06a0608b41570d8ade51c56539e509d",
                "sha256:cabc348d87e913db6ab4aa100f01b08f481097838bdddf7c7a84b7575b7309ca",
                "sha256:cdb82a876c47801bb54a690c5ae105a46b392ac6099881cdfb9f6e95e4014c6a",
                "sha256:cfad01eed2c2e0c01fd0ecd2ef42c492f7f93902e39a42fc9ee1692961443a29",
                "sha256:d16a81a06776313e817c951135cf7340a3e91e8c1ff2fac444cfd75fffa04afe",
                "sha256:d8213e09c917a951de9d09ecee036d5c7d36cb6cb7dbaece4c71a60d79fb9798",
                "sha256:e07c3764494e3776c602c1e78e298937c3315ccc9043ead7e685b7f2b8d47b3c",
                "sha256:e17c96c14e19278594aa4841ec148115f9c7615a47382ecb6b82bd8fea3ab0c8",
                "sha256:e444a31f8db13eb18ada366ab3cf45fd4b31e4db1236a4448f68778c1d1a5a2f",
                "sha256:e6a2a455bd412959b57a172ce6328d2dd1f01cb2135efda2e4576e8a23fa3b0f",
                "sha256:eaa0a10b7f72326f1372a713e73c3f739b524b3af41feb43e4921cb529f5929a",
                "sha256:eb7972a85c54febfb25b5c4b4f3af4dcc731994c7da0d8a0b4a6eb0640e1d178",
                "sha256:ee55d3edf80167e48ea11a923c7386f4669df67d7994554387f84e7d8b0a2bf0",
                "sha256:f3818cb119498c0678015754eba762e0d61e5b52d34c8b13d770f0719f7b1d79",
                "sha256:f8b3d067f2e40fe93e1ccdd6b2e1d16c43140e76f02fb1319a05cf2b79d99430",
                "sha256:fcabf5ff6eea076f859677f5f0b6b5c1a51e70a376b0579e0eadef8db48c6b50"
            ],
            "markers": "python_version >= '3.9'",
            "version": "==3.0.2"
        },
        "mysqlclient": {
            "hashes": [
                "sha256:004fe1d30d2c2ff8072f8ea513bcec235fd9b896f70dad369461d0ad7e570e98",
                "sha256:04368445f9c487d8abb7a878e3d23e923e6072c04a6c320f9e0dc8a82efba14e",
                "sha256:530ece9995a36cadb6211b9787f0c9e05cdab6702549bdb4236af5e9b535ed6a",
                "sha256:5670679ff1be1cc3fef0fa81bf39f0cd70605ba121141050f02743eb878ac114",
                "sha256:68837b6bb23170acffb43ae411e47533a560b6360c06dac39aa55700972c93b2",
                "sha256:955dba905a7443ce4788c63fdb9f8d688316260cf60b20ff51ac3b1c77616ede",
                "sha256:9c6b142836c7dba4f723bf9c93cc46b6e5081d65b2af807f400dda9eb85a16d0"
            ],
            "index": "pypi",
            "markers": "python_version >= '3.8'",
            "version": "==2.2.0"
        },
        "packaging": {
            "hashes": [
                "sha256:09abb1bccd265c01f4a3aa3f7a7db064b36514d2cba19a2f694fe6150451a759",
                "sha256:c228a6dc5e932d346bc5739379109d49e8853dd8223571c7c5b55260edc0b97f"
            ],
            "markers": "python_version >= '3.8'",
            "version": "==24.2"
        },
        "pillow": {
            "hashes": [
                "sha256:00a2865911330191c0b818c59103b58a5e697cae67042366970a6b6f1b20b7f9",
                "sha256:01afa7cf67f74f09523699b4e88c73fb55c13346d212a59a2db1f86b0a63e8c5",
                "sha256:03e7e372d5240cc23e9f07deca4d775c0817bffc641b01e9c3af208dbd300987",
                "sha256:03f6fab9219220f041c74aeaa2939ff0062bd5c364ba9ce037197f4c6d498cd9",
                "sha256:042db20a421b9bafecc4b84a8b6e444686bd9d836c7fd24542db3e7df7baad9b",
                "sha256:0538bd5e05efec03ae613fd89c4ce0368ecd2ba239cc25b9f9be7ed426b0af1f",
                "sha256:0a34329707af4f73cf1782a36cd2289c0368880654a2c11f027bcee9052d35dd",
                "sha256:0c838a5125cee37e68edec915651521191cef1e6aa336b855f495766e77a366e",
                "sha256:144748b3af2d1b358d41286056d0003f47cb339b8c43a9ea42f5fea4d8c66b6e",
                "sha256:1610dd6c61621ae1cf811bef44d77e149ce3f7b95afe66a4512f8c59f25d9ebe",
                "sha256:1e1757442ed87f4912397c6d35a0db6a7b52592156014706f17658ff58bbf795",
                "sha256:22db17c68434de69d8ecfc2fe821569195c0c373b25cccb9cbdacf2c6e53c601",
                "sha256:25373b66e0dd5905ed63fa3cae13c82fbddf3079f2c8bf15c6fb6a35586324c1",
                "sha256:2bb4a8d594eacdfc59d9e5ad972aa8afdd48d584ffd5f13a937a664c3e7db0ed",
                "sha256:2c727a6d53cb0018aadd8018c2b938376af27914a68a492f59dfcaca650d5eea",
                "sha256:2d192a155bbcec180f8564f693e6fd9bccff5a7af9b32e2e4bf8c9c69dbad6b5",
                "sha256:2e589959f10d9824d39b350472b92f0ce3b443c0a3442ebf41c40cb8361c5b97",
                "sha256:2e5a76d03a6c6dcef67edabda7a52494afa4035021a79c8558e14af25313d453",
                "sha256:325ca0528c6788d2a6c3d40e3568639398137346c3d6e66bb61db96b96511c98",
                "sha256:34c0d99ecccea270c04882cb3b86e7b57296079c9a4aff88cb3b33563d95afaa",
                "sha256:390ede346628ccc626e5730107cde16c42d3836b89662a115a921f28440e6a3b",
                "sha256:394167b21da716608eac917c60aa9b969421b5dcbbe02ae7f013e7b85811c69d",
                "sha256:3997232e10d2920a68d25191392e3a4487d8183039e1c74c2297f00ed1c50705",
                "sha256:3adc9215e8be0448ed6e814966ecf3d9952f0ea40eb14e89a102b87f450660d8",
                "sha256:3e080565d8d7c671db5802eedfb438e5565ffa40115216eabb8cd52d0ecce024",
                "sha256:4a6c9fa44005fa37a91ebfc95d081e8079757d2e904b27103f4f5fa6f0bf78c0",
                "sha256:4bfd07bc812fbd20395212969e41931001fd59eb55a60658b0e5710872e95286",
                "sha256:4e6c62e9d237e9b65fac06857d511e90d8461a32adcc1b9065ea0c0fa3a28150",
                "sha256:50d8520da2a6ce0af445fa6d648c4273c3eeefbc32d7ce049f22e8b5c3daecc2",
                "sha256:51c4167c34b0d8ba05b547a3bb23578d0ba17b80a5593f93bd8ecb123dd336a3",
                "sha256:56a3f9c60a13133a98ecff6197af34d7824de9b7b38c3654861a725c970c197b",
                "sha256:56b25336f502b6ed02e889f4ece894a72612fe885889a6e8c4c80239ff6e5f5f",
                "sha256:57850958fe9c751670e49b2cecf6294acc99e562531f4bd317fa5ddee2068463",
                "sha256:58f62cc0f00fd29e64b29f4fd923ffdb3859c9f9e6105bfc37ba1d08994e8940",
                "sha256:5c0a9f29ca8e79f09de89293f82fc9b0270bb4af1d58bc98f540cc4aedf03166",
                "sha256:5cdfebd752ec52bf5bb4e35d9c64b40826bc5b40a13df7c3cda20a2c03a0f5ed",
                "sha256:5d04bfa02cc2d23b497d1e90a0f927070043f6cbf303e738300532379a4b4e0f",
                "sha256:5d2fd0fa6b5d9d1de415060363433f28da8b1526c1c129020435e186794b3795",
                "sha256:62f5409336adb0663b7caa0da5c7d9e7bdbaae9ce761d34669420c2a801b2780",
                "sha256:632ff19b2778e43162304d50da0181ce24ac5bb8180122cbe1bf4673428328c7",
                "sha256:6562ace0d3fb5f20ed7290f1f929cae41b25ae29528f2af1722966a0a02e2aa1",
                "sha256:673aa32138f3e7531ccdbca7b3901dba9b70940a19ccecc6a37c77d5fdeb05b5",
                "sha256:6a6e67ea2e6feda684ed370f9a1c52e7a243631c025ba42149a2cc5934dec295",
                "sha256:6a9adfc6d24b10f89588096364cc726174118c62130c817c2837c60cf08a392b",
                "sha256:6bb77b2dcb06b20f9f4b4a8454caa581cd4dd0643a08bacf821216a16d9c8354",
                "sha256:6e6b2a0c538fc200b38ff9eb6628228b77908c319a005815f2dde585a0664b60",
                "sha256:71cde9a1e1551df7d34a25462fc60325e8a11a82cc2e2f54578e5e9a1e153d65",
                "sha256:7371b48c4fa448d20d2714c9a1f775a81155050d383333e0a6c15b1123dda005",
                "sha256:766cef22385fa1091258ad7e6216792b156dc16d8d3fa607e7545b2b72061f1c",
                "sha256:7b14cc0106cd9aecda615dd6903840a058b4700fcb817687d0ee4fc8b6e389be",
                "sha256:7f84204dee22a783350679a0333981df803dac21a0190d706a50475e361c93f5",
                "sha256:8023abc91fba39036dbce14a7d6535632f99c0b857807cbbbf21ecc9f4717f06",
                "sha256:80b2da48193b2f33ed0c32c38140f9d3186583ce7d516526d462645fd98660ae",
                "sha256:8297651f5b5679c19968abefd6bb84d95fe30ef712eb1b2d9b2d31ca61267f4c",
                "sha256:88d387ff40b3ff7c274947ed3125dedf5262ec6919d83946753b5f3d7c67ea4c",
                "sha256:88ddbc66737e277852913bd1e07c150cc7bb124539f94c4e2df5344494e0a612",
                "sha256:8bd7903a5f2a4545f6fd5935c90058b89d30045568985a71c79f5fd6edf9b91e",
                "sha256:8be29e59487a79f173507c30ddf57e733a357f67881430449bb32614075a40ab",
                "sha256:8c984051042858021a54926eb597d6ee3012393ce9c181814115df4c60b9a808",
                "sha256:8cbeb542b2ebc6fcdacabf8aca8c1a97c9b3ad3927d46b8723f9d4f033288a0f",
                "sha256:8e9c4f5b3c546fa3458a29ab22646c1c6c787ea8f5ef51300e5a60300736905e",
                "sha256:90e6f81de50ad6b534cab6e5aef77ff6e37722b2f5d908686f4a5c9eba17a909",
                "sha256:975385f4776fafde056abb318f612ef6285b10a1f12b8570f3647ad0d74b48ec",
                "sha256:9a8a34cc89c67a65ea7437ce257cea81a9dad65b29805f3ecee8c8fe8ff25ffe",
                "sha256:9aba9a17b623ef750a4d11b742cbafffeb48a869821252b30ee21b5e91392c50",
                "sha256:9f08483a632889536b8139663db60f6724bfcb443c96f1b18855860d7d5c0fd4",
                "sha256:a4e8f36e677d3336f35089648c8955c51c6d386a13cf6ee9c189c5f5bd713a9f",
                "sha256:a52edc8bfff4429aaabdf4d9ee0daadbbf8562364f940937b941f87a4290f5ff",
                "sha256:a830b1a40919539d07806aa58e1b114df53ddd43213d9c8b75847eee6c0182b5",
                "sha256:aa88ccfe4e32d362816319ed727a004423aab09c5cea43c01a4b435643fa34eb",
                "sha256:af73337013e0b3b46f175e79492d96845b16126ddf79c438d7ea7ff27783a414",
                "sha256:b1c1fbd8a5a1af3412a0810d060a78b5136ec0836c8a4ef9aa11807f2a22f4e1",
                "sha256:b85f66ae9eb53e860a873b858b789217ba505e5e405a24b85c0464822fe88032",
                "sha256:b86024e52a1b269467a802258c25521e6d742349d760728092e1bc2d135b4d76",
                "sha256:bd9c0c7a0c681a347b3194c500cb1e6ca9cab053ea4d82a5cf45b6b754560136",
                "sha256:bfa9c230d2fe991bed5318a5f119bd6780cda2915cca595393649fc118ab895e",
                "sha256:d362d1878f00c142b7e1a16e6e5e780f02be8195123f164edf7eddd911eefe7c",
                "sha256:d5d38f1411c0ed9f97bcb49b7bd59b6b7c314e0e27420e34d99d844b9ce3b6f3",
                "sha256:dac8d77255a37e81a2efcbd1fc05f1c15ee82200e6c240d7e127e25e365c39ea",
                "sha256:dd025009355c926a84a612fecf58bb315a3f6814b17ead51a8e48d3823d9087f",
                "sha256:deede7c263feb25dba4e82ea23058a235dcc2fe1f6021025dc71f2b618e26104",
                "sha256:e74473c875d78b8e9d5da2a70f7099549f9eb37ded4e2f6a463e60125bccd176",
                "sha256:ee3120ae9dff32f121610bb08e4313be87e03efeadfc6c0d18f89127e24d0c24",
                "sha256:eedf4b74eda2b5a4b2b2fb4c006d6295df3bf29e459e198c90ea48e130dc75c3",
                "sha256:efd8c21c98c5cc60653bcb311bef2ce0401642b7ce9d09e03a7da87c878289d4",
                "sha256:f1c943e96e85df3d3478f7b691f229887e143f81fedab9b20205349ab04d73ed",
                "sha256:f278f034eb75b4e8a13a54a876cc4a5ab39173d2cdd93a638e1b467fc545ac43",
                "sha256:f3f40b3c5a968281fd507d519e444c35f0ff171237f4fdde090dd60699458421",
                "sha256:f490f9368b6fc026f021db16d7ec2fbf7d89e2edb42e8ec09d2c60505f5729c7",
                "sha256:fb043ee2f06b41473269765c2feae53fc2e2fbf96e5e22ca94fb5ad677856f06",
                "sha256:fc3d34d4a8fbec3e88a79b92e5465e0f9b842b628675850d860b8bd300b159f5"
            ],
            "markers": "python_version >= '3.10'",
            "version": "==12.2.0"
        },
        "psycopg2-binary": {
            "hashes": [
                "sha256:04392983d0bb89a8717772a193cfaac58871321e3ec69514e1c4e0d4957b5aff",
                "sha256:056470c3dc57904bbf63d6f534988bafc4e970ffd50f6271fc4ee7daad9498a5",
                "sha256:0ea8e3d0ae83564f2fc554955d327fa081d065c8ca5cc6d2abb643e2c9c1200f",
                "sha256:155e69561d54d02b3c3209545fb08938e27889ff5a10c19de8d23eb5a41be8a5",
                "sha256:18c5ee682b9c6dd3696dad6e54cc7ff3a1a9020df6a5c0f861ef8bfd338c3ca0",
                "sha256:19721ac03892001ee8fdd11507e6a2e01f4e37014def96379411ca99d78aeb2c",
                "sha256:1a6784f0ce3fec4edc64e985865c17778514325074adf5ad8f80636cd029ef7c",
                "sha256:2286791ececda3a723d1910441c793be44625d86d1a4e79942751197f4d30341",
                "sha256:230eeae2d71594103cd5b93fd29d1ace6420d0b86f4778739cb1a5a32f607d1f",
                "sha256:245159e7ab20a71d989da00f280ca57da7641fa2cdcf71749c193cea540a74f7",
                "sha256:26540d4a9a4e2b096f1ff9cce51253d0504dca5a85872c7f7be23be5a53eb18d",
                "sha256:270934a475a0e4b6925b5f804e3809dd5f90f8613621d062848dd82f9cd62007",
                "sha256:27422aa5f11fbcd9b18da48373eb67081243662f9b46e6fd07c3eb46e4535142",
                "sha256:2ad26b467a405c798aaa1458ba09d7e2b6e5f96b1ce0ac15d82fd9f95dc38a92",
                "sha256:2b3d2491d4d78b6b14f76881905c7a8a8abcf974aad4a8a0b065273a0ed7a2cb",
                "sha256:2ce3e21dc3437b1d960521eca599d57408a695a0d3c26797ea0f72e834c7ffe5",
                "sha256:30e34c4e97964805f715206c7b789d54a78b70f3ff19fbe590104b71c45600e5",
                "sha256:3216ccf953b3f267691c90c6fe742e45d890d8272326b4a8b20850a03d05b7b8",
                "sha256:32581b3020c72d7a421009ee1c6bf4a131ef5f0a968fab2e2de0c9d2bb4577f1",
                "sha256:35958ec9e46432d9076286dda67942ed6d968b9c3a6a2fd62b48939d1d78bf68",
                "sha256:3abb691ff9e57d4a93355f60d4f4c1dd2d68326c968e7db17ea96df3c023ef73",
                "sha256:3c18f74eb4386bf35e92ab2354a12c17e5eb4d9798e4c0ad3a00783eae7cd9f1",
                "sha256:3c4745a90b78e51d9ba06e2088a2fe0c693ae19cc8cb051ccda44e8df8a6eb53",
                "sha256:3c4ded1a24b20021ebe677b7b08ad10bf09aac197d6943bfe6fec70ac4e4690d",
                "sha256:3e9c76f0ac6f92ecfc79516a8034a544926430f7b080ec5a0537bca389ee0906",
                "sha256:48b338f08d93e7be4ab2b5f1dbe69dc5e9ef07170fe1f86514422076d9c010d0",
                "sha256:4b3df0e6990aa98acda57d983942eff13d824135fe2250e6522edaa782a06de2",
                "sha256:512d29bb12608891e349af6a0cccedce51677725a921c07dba6342beaf576f9a",
                "sha256:5a507320c58903967ef7384355a4da7ff3f28132d679aeb23572753cbf2ec10b",
                "sha256:5c370b1e4975df846b0277b4deba86419ca77dbc25047f535b0bb03d1a544d44",
                "sha256:6b269105e59ac96aba877c1707c600ae55711d9dcd3fc4b5012e4af68e30c648",
                "sha256:6d4fa1079cab9018f4d0bd2db307beaa612b0d13ba73b5c6304b9fe2fb441ff7",
                "sha256:6dc08420625b5a20b53551c50deae6e231e6371194fa0651dbe0fb206452ae1f",
                "sha256:73aa0e31fa4bb82578f3a6c74a73c273367727de397a7a0f07bd83cbea696baa",
                "sha256:7559bce4b505762d737172556a4e6ea8a9998ecac1e39b5233465093e8cee697",
                "sha256:79625966e176dc97ddabc142351e0409e28acf4660b88d1cf6adb876d20c490d",
                "sha256:7a813c8bdbaaaab1f078014b9b0b13f5de757e2b5d9be6403639b298a04d218b",
                "sha256:7b2c956c028ea5de47ff3a8d6b3cc3330ab45cf0b7c3da35a2d6ff8420896526",
                "sha256:7f4152f8f76d2023aac16285576a9ecd2b11a9895373a1f10fd9db54b3ff06b4",
                "sha256:7f5d859928e635fa3ce3477704acee0f667b3a3d3e4bb109f2b18d4005f38287",
                "sha256:851485a42dbb0bdc1edcdabdb8557c09c9655dfa2ca0460ff210522e073e319e",
                "sha256:8608c078134f0b3cbd9f89b34bd60a943b23fd33cc5f065e8d5f840061bd0673",
                "sha256:880845dfe1f85d9d5f7c412efea7a08946a46894537e4e5d091732eb1d34d9a0",
                "sha256:8aabf1c1a04584c168984ac678a668094d831f152859d06e055288fa515e4d30",
                "sha256:8aecc5e80c63f7459a1a2ab2c64df952051df196294d9f739933a9f6687e86b3",
                "sha256:8cd9b4f2cfab88ed4a9106192de509464b75a906462fb846b936eabe45c2063e",
                "sha256:8de718c0e1c4b982a54b41779667242bc630b2197948405b7bd8ce16bcecac92",
                "sha256:9440fa522a79356aaa482aa4ba500b65f28e5d0e63b801abf6aa152a29bd842a",
                "sha256:b5f86c56eeb91dc3135b3fd8a95dc7ae14c538a2f3ad77a19645cf55bab1799c",
                "sha256:b73d6d7f0ccdad7bc43e6d34273f70d587ef62f824d7261c4ae9b8b1b6af90e8",
                "sha256:bb89f0a835bcfc1d42ccd5f41f04870c1b936d8507c6df12b7737febc40f0909",
                "sha256:c3cc28a6fd5a4a26224007712e79b81dbaee2ffb90ff406256158ec4d7b52b47",
                "sha256:ce5ab4bf46a211a8e924d307c1b1fcda82368586a19d0a24f8ae166f5c784864",
                "sha256:d00924255d7fc916ef66e4bf22f354a940c67179ad3fd7067d7a0a9c84d2fbfc",
                "sha256:d7cd730dfa7c36dbe8724426bf5612798734bff2d3c3857f36f2733f5bfc7c00",
                "sha256:e217ce4d37667df0bc1c397fdcd8de5e81018ef305aed9415c3b093faaeb10fb",
                "sha256:e3923c1d9870c49a2d44f795df0c889a22380d36ef92440ff618ec315757e539",
                "sha256:e5720a5d25e3b99cd0dc5c8a440570469ff82659bb09431c1439b92caf184d3b",
                "sha256:e8b58f0a96e7a1e341fc894f62c1177a7c83febebb5ff9123b579418fdc8a481",
                "sha256:e984839e75e0b60cfe75e351db53d6db750b00de45644c5d1f7ee5d1f34a1ce5",
                "sha256:eb09aa7f9cecb45027683bb55aebaaf45a0df8bf6de68801a6afdc7947bb09d4",
                "sha256:ec8a77f521a17506a24a5f626cb2aee7850f9b69a0afe704586f63a464f3cd64",
                "sha256:ecced182e935529727401b24d76634a357c71c9275b356efafd8a2a91ec07392",
                "sha256:ee0e8c683a7ff25d23b55b11161c2663d4b099770f6085ff0a20d4505778d6b4",
                "sha256:f0c2d907a1e102526dd2986df638343388b94c33860ff3bbe1384130828714b1",
                "sha256:f758ed67cab30b9a8d2833609513ce4d3bd027641673d4ebc9c067e4d208eec1",
                "sha256:f8157bed2f51db683f31306aa497311b560f2265998122abe1dce6428bd86567",
                "sha256:ffe8ed017e4ed70f68b7b371d84b7d4a790368db9203dfc2d222febd3a9c8863"
            ],
            "index": "pypi",
            "markers": "python_version >= '3.8'",
            "version": "==2.9.10"
        },
        "pydot": {
            "hashes": [
                "sha256:869c0efadd2708c0be1f916eb669f3d664ca684bc57ffb7ecc08e70d5e93fee6",
                "sha256:c2148f681c4a33e08bf0e26a9e5f8e4099a82e0e2a068098f32ce86577364ad5"
            ],
            "markers": "python_version >= '3.8'",
            "version": "==4.0.1"
        },
        "pygraphviz": {
            "hashes": [
                "sha256:c10df02377f4e39b00ae17c862f4ee7e5767317f1c6b2dfd04cea6acc7fc2bea"
            ],
            "markers": "python_version >= '3.10'",
            "version": "==1.14"
        },
        "pyparsing": {
            "hashes": [
                "sha256:850ba148bd908d7e2411587e247a1e4f0327839c40e2e5e6d05a007ecc69911d",
                "sha256:c777f4d763f140633dcb6d8a3eda953bf7a214dc4eff598413c070bcdc117cbc"
            ],
            "markers": "python_version >= '3.9'",
            "version": "==3.3.2"
        },
        "python-dotenv": {
            "hashes": [
                "sha256:a8df96034aae6d2d50a4ebe8216326c61c3eb64836776504fcca410e5937a3ba",
                "sha256:f5971a9226b701070a4bf2c38c89e5a3f0d64de8debda981d1db98583009122a"
            ],
            "index": "pypi",
            "markers": "python_version >= '3.8'",
            "version": "==1.0.0"
        },
        "pyyaml": {
            "hashes": [
                "sha256:01179a4a8559ab5de078078f37e5c1a30d76bb88519906844fd7bdea1b7729ff",
                "sha256:0833f8694549e586547b576dcfaba4a6b55b9e96098b36cdc7ebefe667dfed48",
                "sha256:0a9a2848a5b7feac301353437eb7d5957887edbf81d56e903999a75a3d743086",
                "sha256:0b69e4ce7a131fe56b7e4d770c67429700908fc0752af059838b1cfb41960e4e",
                "sha256:0ffe8360bab4910ef1b9e87fb812d8bc0a308b0d0eef8c8f44e0254ab3b07133",
                "sha256:11d8f3dd2b9c1207dcaf2ee0bbbfd5991f571186ec9cc78427ba5bd32afae4b5",
                "sha256:17e311b6c678207928d649faa7cb0d7b4c26a0ba73d41e99c4fff6b6c3276484",
                "sha256:1e2120ef853f59c7419231f3bf4e7021f1b936f6ebd222406c3b60212205d2ee",
                "sha256:1f71ea527786de97d1a0cc0eacd1defc0985dcf6b3f17bb77dcfc8c34bec4dc5",
                "sha256:23502f431948090f597378482b4812b0caae32c22213aecf3b55325e049a6c68",
                "sha256:24471b829b3bf607e04e88d79542a9d48bb037c2267d7927a874e6c205ca7e9a",
                "sha256:29717114e51c84ddfba879543fb232a6ed60086602313ca38cce623c1d62cfbf",
                "sha256:2e99c6826ffa974fe6e27cdb5ed0021786b03fc98e5ee3c5bfe1fd5015f42b99",
                "sha256:39693e1f8320ae4f43943590b49779ffb98acb81f788220ea932a6b6c51004d8",
                "sha256:3ad2a3decf9aaba3d29c8f537ac4b243e36bef957511b4766cb0057d32b0be85",
                "sha256:3b1fdb9dc17f5a7677423d508ab4f243a726dea51fa5e70992e59a7411c89d19",
                "sha256:41e4e3953a79407c794916fa277a82531dd93aad34e29c2a514c2c0c5fe971cc",
                "sha256:43fa96a3ca0d6b1812e01ced1044a003533c47f6ee8aca31724f78e93ccc089a",
                "sha256:50187695423ffe49e2deacb8cd10510bc361faac997de9efef88badc3bb9e2d1",
                "sha256:5ac9328ec4831237bec75defaf839f7d4564be1e6b25ac710bd1a96321cc8317",
                "sha256:5d225db5a45f21e78dd9358e58a98702a0302f2659a3c6cd320564b75b86f47c",
                "sha256:6395c297d42274772abc367baaa79683958044e5d3835486c16da75d2a694631",
                "sha256:688ba32a1cffef67fd2e9398a2efebaea461578b0923624778664cc1c914db5d",
                "sha256:68ccc6023a3400877818152ad9a1033e3db8625d899c72eacb5a668902e4d652",
                "sha256:70b189594dbe54f75ab3a1acec5f1e3faa7e8cf2f1e08d9b561cb41b845f69d5",
                "sha256:797b4f722ffa07cc8d62053e4cff1486fa6dc094105d13fea7b1de7d8bf71c9e",
                "sha256:7c36280e6fb8385e520936c3cb3b8042851904eba0e58d277dca80a5cfed590b",
                "sha256:7e7401d0de89a9a855c839bc697c079a4af81cf878373abd7dc625847d25cbd8",
                "sha256:80bab7bfc629882493af4aa31a4cfa43a4c57c83813253626916b8c7ada83476",
                "sha256:82d09873e40955485746739bcb8b4586983670466c23382c19cffecbf1fd8706",
                "sha256:8388ee1976c416731879ac16da0aff3f63b286ffdd57cdeb95f3f2e085687563",
                "sha256:8824b5a04a04a047e72eea5cec3bc266db09e35de6bdfe34c9436ac5ee27d237",
                "sha256:8b9c7197f7cb2738065c481a0461e50ad02f18c78cd75775628afb4d7137fb3b",
                "sha256:9056c1ecd25795207ad294bcf39f2db3d845767be0ea6e6a34d856f006006083",
                "sha256:936d68689298c36b53b29f23c6dbb74de12b4ac12ca6cfe0e047bedceea56180",
                "sha256:9b22676e8097e9e22e36d6b7bda33190d0d400f345f23d4065d48f4ca7ae0425",
                "sha256:a4d3091415f010369ae4ed1fc6b79def9416358877534caf6a0fdd2146c87a3e",
                "sha256:a8786accb172bd8afb8be14490a16625cbc387036876ab6ba70912730faf8e1f",
                "sha256:a9f8c2e67970f13b16084e04f134610fd1d374bf477b17ec1599185cf611d725",
                "sha256:bc2fa7c6b47d6bc618dd7fb02ef6fdedb1090ec036abab80d4681424b84c1183",
                "sha256:c70c95198c015b85feafc136515252a261a84561b7b1d51e3384e0655ddf25ab",
                "sha256:cc1c1159b3d456576af7a3e4d1ba7e6924cb39de8f67111c735f6fc832082774",
                "sha256:ce826d6ef20b1bc864f0a68340c8b3287705cae2f8b4b1d932177dcc76721725",
                "sha256:d584d9ec91ad65861cc08d42e834324ef890a082e591037abe114850ff7bbc3e",
                "sha256:d7fded462629cfa4b685c5416b949ebad6cec74af5e2d42905d41e257e0869f5",
                "sha256:d84a1718ee396f54f3a086ea0a66d8e552b2ab2017ef8b420e92edbc841c352d",
                "sha256:d8e03406cac8513435335dbab54c0d385e4a49e4945d2909a581c83647ca0290",
                "sha256:e10ce637b18caea04431ce14fabcf5c64a1c61ec9c56b071a4b7ca131ca52d44",
                "sha256:ec031d5d2feb36d1d1a24380e4db6d43695f3748343d99434e6f5f9156aaa2ed",
                "sha256:ef6107725bd54b262d6dedcc2af448a266975032bc85ef0172c5f059da6325b4",
                "sha256:efdca5630322a10774e8e98e1af481aad470dd62c3170801852d752aa7a783ba",
                "sha256:f753120cb8181e736c57ef7636e83f31b9c0d1722c516f7e86cf15b7aa57ff12",
                "sha256:ff3824dc5261f50c9b0dfb3be22b4567a6f938ccce4587b38952d85fd9e9afe4"
            ],
            "markers": "python_version >= '3.8'",
            "version": "==6.0.2"
        },
        "setuptools": {
            "hashes": [
                "sha256:7d872682c5d01cfde07da7bccc7b65469d3dca203318515ada1de5eda35efbf9",
                "sha256:a59e362652f08dcd477c78bb6e7bd9d80a7995bc73ce773050228a348ce2e5bb"
            ],
            "markers": "python_version >= '3.9'",
            "version": "==82.0.1"
        },
        "sqlalchemy": {
            "hashes": [
                "sha256:01146546d84185f12721a1d2ce0c6673451a7894d1460b592d378ca4871a0c72",
                "sha256:059d7151fff513c53a4638da8778be7fce81a0c4854c7348ebd0c4078ddf28fe",
                "sha256:0c98c59075b890df8abfcc6ad632879540f5791c68baebacb4f833713b510e75",
                "sha256:0f2fa354ba106eafff2c14b0cc51f22801d1e8b2e4149342023bd6f0955de5f5",
                "sha256:12b04d1db2663b421fe072d638a138460a51d5a862403295671c4f3987fb9148",
                "sha256:22d8798819f86720bc646ab015baff5ea4c971d68121cb36e2ebc2ee43ead2b7",
                "sha256:233088b4b99ebcbc5258c755a097aa52fbf90727a03a5a80781c4b9c54347a2e",
                "sha256:24bd94bb301ec672d8f0623eba9226cc90d775d25a0c92b5f8e4965d7f3a1518",
                "sha256:275424295f4256fd301744b8f335cff367825d270f155d522b30c7bf49903ee7",
                "sha256:32fe6a41ad97302db2931f05bb91abbcc65b5ce4c675cd44b972428dd2947700",
                "sha256:334edbcff10514ad1d66e3a70b339c0a29886394892490119dbb669627b17717",
                "sha256:3bb9ec6436a820a4c006aad1ac351f12de2f2dbdaad171692ee457a02429b672",
                "sha256:3ddcb27fb39171de36e207600116ac9dfd4ae46f86c82a9bf3934043e80ebb88",
                "sha256:42e8804962f9e6f4be2cbaedc0c3718f08f60a16910fa3d86da5a1e3b1bfe60f",
                "sha256:43d044780732d9e0381ac8d5316f95d7f02ef04d6e4ef6dc82379f09795d993f",
                "sha256:46796877b47034b559a593d7e4b549aba151dae73f9e78212a3478161c12ab08",
                "sha256:46d51518d53edfbe0563662c96954dc8fcace9832332b914375f45a99b77cc9a",
                "sha256:47604cb2159f8bbd5a1ab48a714557156320f20871ee64d550d8bf2683d980d3",
                "sha256:4bbccb45260e4ff1b7db0be80a9025bb1e6698bdb808b83fff0000f7a90b2c0b",
                "sha256:4d4e5a0ceba319942fa6b585cf82539288a61e314ef006c1209f734551ab9536",
                "sha256:55250fe61d6ebfd6934a272ee16ef1244e0f16b7af6cd18ab5b1fc9f08631db0",
                "sha256:566df36fd0e901625523a5a1835032f1ebdd7f7886c54584143fa6c668b4df3b",
                "sha256:57ca426a48eb2c682dae8204cd89ea8ab7031e2675120a47924fabc7caacbc2a",
                "sha256:5e61abbec255be7b122aa461021daa7c3f310f3e743411a67079f9b3cc91ece3",
                "sha256:618a308215b6cececb6240b9abde545e3acdabac7ae3e1d4e666896bf5ba44b4",
                "sha256:62557958002b69699bdb7f5137c6714ca1133f045f97b3903964f47db97ea339",
                "sha256:6270d717b11c5476b0cbb21eedc8d4dbb7d1a956fd6c15a23e96f197a6193158",
                "sha256:685e93e9c8f399b0c96a624799820176312f5ceef958c0f88215af4013d29066",
                "sha256:69469ce8ce7a8df4d37620e3163b71238719e1e2e5048d114a1b6ce0fbf8c662",
                "sha256:6eb188b84269f357669b62cb576b5b918de10fb7c728a005fa0ebb0b758adce1",
                "sha256:74ab4ee7794d7ed1b0c37e7333640e0f0a626fc7b398c07a7aef52f484fddde3",
                "sha256:77641d299179c37b89cf2343ca9972c88bb6eef0d5fc504a2f86afd15cd5adf5",
                "sha256:7c821c47ecfe05cc32140dcf8dc6fd5d21971c86dbd56eabfe5ba07a64910c01",
                "sha256:7d6be30b2a75362325176c036d7fb8d19e8846c77e87683ffaa8177b35135613",
                "sha256:7f605a456948c35260e7b2a39f8952a26f077fd25653c37740ed186b90aaa68a",
                "sha256:83101a6930332b87653886c01d1ee7e294b1fe46a07dd9a2d2b4f91bcc88eec0",
                "sha256:88690f4e1f0fbf5339bedbb127e240fec1fd3070e9934c0b7bef83432f779d2f",
                "sha256:8a97ac839c2c6672c4865e48f3cbad7152cee85f4233fb4ca6291d775b9b954a",
                "sha256:8d6efc136f44a7e8bc8088507eaabbb8c2b55b3dbb63fe102c690da0ddebe55e",
                "sha256:8e20e511dc15265fb433571391ba313e10dd8ea7e509d51686a51313b4ac01a2",
                "sha256:951d4a210744813be63019f3df343bf233b7432aadf0db54c75802247330d3af",
                "sha256:9ac7a3e245fd0310fd31495eb61af772e637bdf7d88ee81e7f10a3f271bff014",
                "sha256:9b1c058c171b739e7c330760044803099c7fff11511e3ab3573e5327116a9c33",
                "sha256:9c04bff9a5335eb95c6ecf1c117576a0aa560def274876fd156cfe5510fccc61",
                "sha256:9c4969a86e41454f2858256c39bdfb966a20961e9b58bf8749b65abf447e9a8d",
                "sha256:9e0400fa22f79acc334d9a6b185dc00a44a8e6578aa7e12d0ddcd8434152b187",
                "sha256:a05977bffe9bffd2229f477fa75eabe3192b1b05f408961d1bebff8d1cd4d401",
                "sha256:a143af2ea6672f2af3f44ed8f9cd020e9cc34c56f0e8db12019d5d9ecf41cb3b",
                "sha256:a51d3db74ba489266ef55c7a4534eb0b8db9a326553df481c11e5d7660c8364d",
                "sha256:b95b2f470c1b2683febd2e7eab1d3f0e078c91dbdd0b00e9c645d07a413bb99f",
                "sha256:b9870d15ef00e4d0559ae10ee5bc71b654d1f20076dbe8bc7ed19b4c0625ceba",
                "sha256:c1dc3368794d522f43914e03312202523cc89692f5389c32bea0233924f8d977",
                "sha256:c338ec6ec01c0bc8e735c58b9f5d51e75bacb6ff23296658826d7cfdfdb8678a",
                "sha256:c5070135e1b7409c4161133aa525419b0062088ed77c92b1da95366ec5cbebbe",
                "sha256:cc992c6ed024c8c3c592c5fc9846a03dd68a425674900c70122c77ea16c5fb0b",
                "sha256:d15950a57a210e36dd4cec1aac22787e2a4d57ba9318233e2ef8b2daf9ff2d5f",
                "sha256:d898cc2c76c135ef65517f4ddd7a3512fb41f23087b0650efb3418b8389a3cd1",
                "sha256:d99945830a6f3e9638d89a28ed130b1eb24c91255e4f24366fbe699b983f29e4",
                "sha256:da9b91bca419dc9b9267ffadde24eae9b1a6bffcd09d0a207e5e3af99a03ce0d",
                "sha256:df2d441bacf97022e81ad047e1597552eb3f83ca8a8f1a1fdd43cd7fe3898120",
                "sha256:e06e617e3d4fd9e51d385dfe45b077a41e9d1b033a7702551e3278ac597dc750",
                "sha256:ec44cfa7ef1a728e88ad41674de50f6db8cfdb3e2af84af86e0041aaf02d43d0",
                "sha256:fb37f15714ec2652d574f021d479e78cd4eb9d04396dca36568fdfffb3487982"
            ],
            "index": "pypi",
            "markers": "python_version >= '3.7'",
            "version": "==2.0.49"
        },
        "sqlalchemy-schemadisplay": {
            "hashes": [
                "sha256:e4b928e2aec145f72a2b35de7855a78fca5e09ac4d48f2d58b4472cb640cd362",
                "sha256:e90b9c9868814975d674a889aadb7c4651658f0e119e1c9320279ea527744d5e"
            ],
            "index": "pypi",
            "markers": "python_version >= '3.8'",
            "version": "==2.0"
        },
        "typing-extensions": {
            "hashes": [
                "sha256:0cea48d173cc12fa28ecabc3b837ea3cf6f38c6d1136f85cbaaf598984861466",
                "sha256:f0fa19c6845758ab08074a0cfa8b7aecb71c999ca73d62883bc25cc018c4e548"
            ],
            "markers": "python_version >= '3.9'",
            "version": "==4.15.0"
        },
        "werkzeug": {
            "hashes": [
                "sha256:54b78bf3716d19a65be4fceccc0d1d7b89e608834989dfae50ea87564639213e",
                "sha256:60723ce945c19328679790e3282cc758aa4a6040e4bb330f53d30fa546d44746"
            ],
            "markers": "python_version >= '3.9'",
            "version": "==3.1.3"
        },
        "wtforms": {
            "hashes": [
                "sha256:6b351bbb12dd58af57ffef05bc78425d08d1914e0fd68ee14143b7ade023c5bc",
                "sha256:837f2f0e0ca79481b92884962b914eba4e72b7a2daaf1f939c890ed0124b834b"
            ],
            "index": "pypi",
            "markers": "python_version >= '3.7'",
            "version": "==3.0.1"
        }
    },
    "develop": {}
}
